
Microsoft Visual Studio Solution File, Format Version 12.00
# Visual Studio Version 17
VisualStudioVersion = 17.5.002.0
MinimumVisualStudioVersion = 10.0.40219.1
Project("{9A19103F-16F7-4668-BE54-9A1E7A4F7556}") = "API", "API\API.csproj", "{852D0D6C-DBDF-4559-8BBD-17615C12519B}"
EndProject
Project("{2150E333-8FDC-42A3-9474-1A3956D46DE8}") = "Tests", "Tests", "{51390FC5-F19C-4F57-9247-6E8E01E3E72B}"
EndProject
Project("{FAE04EC0-301F-11D3-BF4B-00C04F79EFBC}") = "API.Tests.Unit", "Tests\API.Tests.Unit\API.Tests.Unit.csproj", "{5EA0E38A-8A4B-4E31-B101-AF912F65015F}"
EndProject
Project("{FAE04EC0-301F-11D3-BF4B-00C04F79EFBC}") = "API.Tests.Integration", "Tests\API.Tests.Integration\API.Tests.Integration.csproj", "{A7553AA9-18A2-4EEE-9209-82AC98CA06E8}"
EndProject
Global
	GlobalSection(SolutionConfigurationPlatforms) = preSolution
		Debug|Any CPU = Debug|Any CPU
		Release|Any CPU = Release|Any CPU
	EndGlobalSection
	GlobalSection(ProjectConfigurationPlatforms) = postSolution
		{852D0D6C-DBDF-4559-8BBD-17615C12519B}.Debug|Any CPU.ActiveCfg = Debug|Any CPU
		{852D0D6C-DBDF-4559-8BBD-17615C12519B}.Debug|Any CPU.Build.0 = Debug|Any CPU
		{852D0D6C-DBDF-4559-8BBD-17615C12519B}.Release|Any CPU.ActiveCfg = Release|Any CPU
		{852D0D6C-DBDF-4559-8BBD-17615C12519B}.Release|Any CPU.Build.0 = Release|Any CPU
		{5EA0E38A-8A4B-4E31-B101-AF912F65015F}.Debug|Any CPU.ActiveCfg = Debug|Any CPU
		{5EA0E38A-8A4B-4E31-B101-AF912F65015F}.Debug|Any CPU.Build.0 = Debug|Any CPU
		{5EA0E38A-8A4B-4E31-B101-AF912F65015F}.Release|Any CPU.ActiveCfg = Release|Any CPU
		{5EA0E38A-8A4B-4E31-B101-AF912F65015F}.Release|Any CPU.Build.0 = Release|Any CPU
		{A7553AA9-18A2-4EEE-9209-82AC98CA06E8}.Debug|Any CPU.ActiveCfg = Debug|Any CPU
		{A7553AA9-18A2-4EEE-9209-82AC98CA06E8}.Debug|Any CPU.Build.0 = Debug|Any CPU
		{A7553AA9-18A2-4EEE-9209-82AC98CA06E8}.Release|Any CPU.ActiveCfg = Release|Any CPU
		{A7553AA9-18A2-4EEE-9209-82AC98CA06E8}.Release|Any CPU.Build.0 = Release|Any CPU
	EndGlobalSection
	GlobalSection(SolutionProperties) = preSolution
		HideSolutionNode = FALSE
	EndGlobalSection
	GlobalSection(ExtensibilityGlobals) = postSolution
		SolutionGuid = {926CCFBD-5B7B-47AA-B83B-6E015ABAA945}
	EndGlobalSection
	GlobalSection(NestedProjects) = preSolution
		{5EA0E38A-8A4B-4E31-B101-AF912F65015F} = {51390FC5-F19C-4F57-9247-6E8E01E3E72B}
		{A7553AA9-18A2-4EEE-9209-82AC98CA06E8} = {51390FC5-F19C-4F57-9247-6E8E01E3E72B}
	EndGlobalSection
EndGlobal
